
Microsoft Visual Studio Solution File, Format Version 12.00
# Visual Studio Version 16
VisualStudioVersion = 16.0.33214.272
MinimumVisualStudioVersion = 10.0.40219.1
Project("{8BC9CEB8-8B4A-11D0-8D11-00A0C91BC942}") = "os_laba_1", "os_laba_1\os_laba_1.vcxproj", "{54E4562D-36E8-483E-B9C0-668D8F0E45BF}"
	ProjectSection(ProjectDependencies) = postProject
		{DF98D3BB-82FF-412C-B819-739563500758} = {DF98D3BB-82FF-412C-B819-739563500758}
		{DA7861E2-3803-4366-A170-A9E34761EEFD} = {DA7861E2-3803-4366-A170-A9E34761EEFD}
	EndProjectSection
EndProject
Project("{8BC9CEB8-8B4A-11D0-8D11-00A0C91BC942}") = "Creator", "Creator\Creator.vcxproj", "{DF98D3BB-82FF-412C-B819-739563500758}"
EndProject
Project("{8BC9CEB8-8B4A-11D0-8D11-00A0C91BC942}") = "Reporter", "Reporter\Reporter.vcxproj", "{DA7861E2-3803-4366-A170-A9E34761EEFD}"
EndProject
Global
	GlobalSection(SolutionConfigurationPlatforms) = preSolution
		Debug|x64 = Debug|x64
		Debug|x86 = Debug|x86
		Release|x64 = Release|x64
		Release|x86 = Release|x86
	EndGlobalSection
	GlobalSection(ProjectConfigurationPlatforms) = postSolution
		{54E4562D-36E8-483E-B9C0-668D8F0E45BF}.Debug|x64.ActiveCfg = Debug|x64
		{54E4562D-36E8-483E-B9C0-668D8F0E45BF}.Debug|x64.Build.0 = Debug|x64
		{54E4562D-36E8-483E-B9C0-668D8F0E45BF}.Debug|x86.ActiveCfg = Debug|Win32
		{54E4562D-36E8-483E-B9C0-668D8F0E45BF}.Debug|x86.Build.0 = Debug|Win32
		{54E4562D-36E8-483E-B9C0-668D8F0E45BF}.Release|x64.ActiveCfg = Release|x64
		{54E4562D-36E8-483E-B9C0-668D8F0E45BF}.Release|x64.Build.0 = Release|x64
		{54E4562D-36E8-483E-B9C0-668D8F0E45BF}.Release|x86.ActiveCfg = Release|Win32
		{54E4562D-36E8-483E-B9C0-668D8F0E45BF}.Release|x86.Build.0 = Release|Win32
		{DF98D3BB-82FF-412C-B819-739563500758}.Debug|x64.ActiveCfg = Debug|x64
		{DF98D3BB-82FF-412C-B819-739563500758}.Debug|x64.Build.0 = Debug|x64
		{DF98D3BB-82FF-412C-B819-739563500758}.Debug|x86.ActiveCfg = Debug|Win32
		{DF98D3BB-82FF-412C-B819-739563500758}.Debug|x86.Build.0 = Debug|Win32
		{DF98D3BB-82FF-412C-B819-739563500758}.Release|x64.ActiveCfg = Release|x64
		{DF98D3BB-82FF-412C-B819-739563500758}.Release|x64.Build.0 = Release|x64
		{DF98D3BB-82FF-412C-B819-739563500758}.Release|x86.ActiveCfg = Release|Win32
		{DF98D3BB-82FF-412C-B819-739563500758}.Release|x86.Build.0 = Release|Win32
		{DA7861E2-3803-4366-A170-A9E34761EEFD}.Debug|x64.ActiveCfg = Debug|x64
		{DA7861E2-3803-4366-A170-A9E34761EEFD}.Debug|x64.Build.0 = Debug|x64
		{DA7861E2-3803-4366-A170-A9E34761EEFD}.Debug|x86.ActiveCfg = Debug|Win32
		{DA7861E2-3803-4366-A170-A9E34761EEFD}.Debug|x86.Build.0 = Debug|Win32
		{DA7861E2-3803-4366-A170-A9E34761EEFD}.Release|x64.ActiveCfg = Release|x64
		{DA7861E2-3803-4366-A170-A9E34761EEFD}.Release|x64.Build.0 = Release|x64
		{DA7861E2-3803-4366-A170-A9E34761EEFD}.Release|x86.ActiveCfg = Release|Win32
		{DA7861E2-3803-4366-A170-A9E34761EEFD}.Release|x86.Build.0 = Release|Win32
	EndGlobalSection
	GlobalSection(SolutionProperties) = preSolution
		HideSolutionNode = FALSE
	EndGlobalSection
	GlobalSection(ExtensibilityGlobals) = postSolution
		SolutionGuid = {1214DB21-6E2A-463C-B0AA-198482F96DDC}
	EndGlobalSection
EndGlobal
