
Microsoft Visual Studio Solution File, Format Version 12.00
# Visual Studio Version 16
VisualStudioVersion = 16.0.33214.272
MinimumVisualStudioVersion = 10.0.40219.1
Project("{8BC9CEB8-8B4A-11D0-8D11-00A0C91BC942}") = "Receiver", "Receiver\Receiver.vcxproj", "{A32B9EEE-C506-4016-9A1B-EA699D9B55D0}"
	ProjectSection(ProjectDependencies) = postProject
		{F9C1B930-3BBC-400F-97B3-4140B80EC877} = {F9C1B930-3BBC-400F-97B3-4140B80EC877}
	EndProjectSection
EndProject
Project("{8BC9CEB8-8B4A-11D0-8D11-00A0C91BC942}") = "Sender", "Sender\Sender.vcxproj", "{F9C1B930-3BBC-400F-97B3-4140B80EC877}"
EndProject
Global
	GlobalSection(SolutionConfigurationPlatforms) = preSolution
		Debug|x64 = Debug|x64
		Debug|x86 = Debug|x86
		Release|x64 = Release|x64
		Release|x86 = Release|x86
	EndGlobalSection
	GlobalSection(ProjectConfigurationPlatforms) = postSolution
		{A32B9EEE-C506-4016-9A1B-EA699D9B55D0}.Debug|x64.ActiveCfg = Debug|x64
		{A32B9EEE-C506-4016-9A1B-EA699D9B55D0}.Debug|x64.Build.0 = Debug|x64
		{A32B9EEE-C506-4016-9A1B-EA699D9B55D0}.Debug|x86.ActiveCfg = Debug|Win32
		{A32B9EEE-C506-4016-9A1B-EA699D9B55D0}.Debug|x86.Build.0 = Debug|Win32
		{A32B9EEE-C506-4016-9A1B-EA699D9B55D0}.Release|x64.ActiveCfg = Release|x64
		{A32B9EEE-C506-4016-9A1B-EA699D9B55D0}.Release|x64.Build.0 = Release|x64
		{A32B9EEE-C506-4016-9A1B-EA699D9B55D0}.Release|x86.ActiveCfg = Release|Win32
		{A32B9EEE-C506-4016-9A1B-EA699D9B55D0}.Release|x86.Build.0 = Release|Win32
		{F9C1B930-3BBC-400F-97B3-4140B80EC877}.Debug|x64.ActiveCfg = Debug|x64
		{F9C1B930-3BBC-400F-97B3-4140B80EC877}.Debug|x64.Build.0 = Debug|x64
		{F9C1B930-3BBC-400F-97B3-4140B80EC877}.Debug|x86.ActiveCfg = Debug|Win32
		{F9C1B930-3BBC-400F-97B3-4140B80EC877}.Debug|x86.Build.0 = Debug|Win32
		{F9C1B930-3BBC-400F-97B3-4140B80EC877}.Release|x64.ActiveCfg = Release|x64
		{F9C1B930-3BBC-400F-97B3-4140B80EC877}.Release|x64.Build.0 = Release|x64
		{F9C1B930-3BBC-400F-97B3-4140B80EC877}.Release|x86.ActiveCfg = Release|Win32
		{F9C1B930-3BBC-400F-97B3-4140B80EC877}.Release|x86.Build.0 = Release|Win32
	EndGlobalSection
	GlobalSection(SolutionProperties) = preSolution
		HideSolutionNode = FALSE
	EndGlobalSection
	GlobalSection(ExtensibilityGlobals) = postSolution
		SolutionGuid = {E12FAACF-3CB2-451F-89DD-48DFD241E490}
	EndGlobalSection
EndGlobal
